
Microsoft Visual Studio Solution File, Format Version 12.00
# Visual Studio Version 17
VisualStudioVersion = 17.0.31903.59
MinimumVisualStudioVersion = 10.0.40219.1
Project("{2150E333-8FDC-42A3-9474-1A3956D46DE8}") = "src", "src", "{827E0CD3-B72D-47B6-A68D-7590B98EB39B}"
EndProject
Project("{FAE04EC0-301F-11D3-BF4B-00C04F79EFBC}") = "Nnrp.Core", "src\Nnrp.Core\Nnrp.Core.csproj", "{4AA95CAA-25D8-46CD-ADE3-7ABC27251863}"
EndProject
Project("{FAE04EC0-301F-11D3-BF4B-00C04F79EFBC}") = "Nnrp.Client", "src\Nnrp.Client\Nnrp.Client.csproj", "{74396D95-42B0-4BF2-A5C1-5CE7B1009D9A}"
EndProject
Project("{FAE04EC0-301F-11D3-BF4B-00C04F79EFBC}") = "Nnrp.Server", "src\Nnrp.Server\Nnrp.Server.csproj", "{DE5335AF-DAB3-42ED-B634-42067A17E20A}"
EndProject
Project("{FAE04EC0-301F-11D3-BF4B-00C04F79EFBC}") = "Nnrp.NativeBridge", "src\Nnrp.NativeBridge\Nnrp.NativeBridge.csproj", "{C855B172-BD2D-4D58-97C8-3AFC1604C858}"
EndProject
Project("{2150E333-8FDC-42A3-9474-1A3956D46DE8}") = "tests", "tests", "{0AB3BF05-4346-4AA6-1389-037BE0695223}"
EndProject
Project("{FAE04EC0-301F-11D3-BF4B-00C04F79EFBC}") = "Nnrp.Core.Tests", "tests\Nnrp.Core.Tests\Nnrp.Core.Tests.csproj", "{05FB6F22-CE80-4124-AA31-3BDD45FBBA89}"
EndProject
Project("{FAE04EC0-301F-11D3-BF4B-00C04F79EFBC}") = "Nnrp.Client.Tests", "tests\Nnrp.Client.Tests\Nnrp.Client.Tests.csproj", "{435E09E2-27BE-4D97-B93C-1191CB8A287A}"
EndProject
Project("{FAE04EC0-301F-11D3-BF4B-00C04F79EFBC}") = "Nnrp.Server.Tests", "tests\Nnrp.Server.Tests\Nnrp.Server.Tests.csproj", "{1BA38D1A-C7AB-4DA4-9645-D6C2327ACDBC}"
EndProject
Project("{FAE04EC0-301F-11D3-BF4B-00C04F79EFBC}") = "Nnrp.NativeBridge.Tests", "tests\Nnrp.NativeBridge.Tests\Nnrp.NativeBridge.Tests.csproj", "{9707892F-3F4B-47B6-A942-E481F05EB0BD}"
EndProject
Project("{FAE04EC0-301F-11D3-BF4B-00C04F79EFBC}") = "Nnrp.Transport.Tcp", "src\Nnrp.Transport.Tcp\Nnrp.Transport.Tcp.csproj", "{AC46D434-471E-4B67-87A8-F04F0FE2F322}"
EndProject
Project("{FAE04EC0-301F-11D3-BF4B-00C04F79EFBC}") = "Nnrp.Transport.Tcp.Tests", "tests\Nnrp.Transport.Tcp.Tests\Nnrp.Transport.Tcp.Tests.csproj", "{B57C9789-C59A-4E3D-BE65-3E59515E78FB}"
EndProject
Project("{2150E333-8FDC-42A3-9474-1A3956D46DE8}") = "tools", "tools", "{07C2787E-EAC7-C090-1BA3-A61EC2A24D84}"
EndProject
Project("{FAE04EC0-301F-11D3-BF4B-00C04F79EFBC}") = "Nnrp.ConformanceExporter", "tools\Nnrp.ConformanceExporter\Nnrp.ConformanceExporter.csproj", "{23162CFB-B0FC-4E81-9078-EF78C00B078D}"
EndProject
Global
	GlobalSection(SolutionConfigurationPlatforms) = preSolution
		Debug|Any CPU = Debug|Any CPU
		Debug|x64 = Debug|x64
		Debug|x86 = Debug|x86
		Release|Any CPU = Release|Any CPU
		Release|x64 = Release|x64
		Release|x86 = Release|x86
	EndGlobalSection
	GlobalSection(ProjectConfigurationPlatforms) = postSolution
		{4AA95CAA-25D8-46CD-ADE3-7ABC27251863}.Debug|Any CPU.ActiveCfg = Debug|Any CPU
		{4AA95CAA-25D8-46CD-ADE3-7ABC27251863}.Debug|Any CPU.Build.0 = Debug|Any CPU
		{4AA95CAA-25D8-46CD-ADE3-7ABC27251863}.Debug|x64.ActiveCfg = Debug|Any CPU
		{4AA95CAA-25D8-46CD-ADE3-7ABC27251863}.Debug|x64.Build.0 = Debug|Any CPU
		{4AA95CAA-25D8-46CD-ADE3-7ABC27251863}.Debug|x86.ActiveCfg = Debug|Any CPU
		{4AA95CAA-25D8-46CD-ADE3-7ABC27251863}.Debug|x86.Build.0 = Debug|Any CPU
		{4AA95CAA-25D8-46CD-ADE3-7ABC27251863}.Release|Any CPU.ActiveCfg = Release|Any CPU
		{4AA95CAA-25D8-46CD-ADE3-7ABC27251863}.Release|Any CPU.Build.0 = Release|Any CPU
		{4AA95CAA-25D8-46CD-ADE3-7ABC27251863}.Release|x64.ActiveCfg = Release|Any CPU
		{4AA95CAA-25D8-46CD-ADE3-7ABC27251863}.Release|x64.Build.0 = Release|Any CPU
		{4AA95CAA-25D8-46CD-ADE3-7ABC27251863}.Release|x86.ActiveCfg = Release|Any CPU
		{4AA95CAA-25D8-46CD-ADE3-7ABC27251863}.Release|x86.Build.0 = Release|Any CPU
		{74396D95-42B0-4BF2-A5C1-5CE7B1009D9A}.Debug|Any CPU.ActiveCfg = Debug|Any CPU
		{74396D95-42B0-4BF2-A5C1-5CE7B1009D9A}.Debug|Any CPU.Build.0 = Debug|Any CPU
		{74396D95-42B0-4BF2-A5C1-5CE7B1009D9A}.Debug|x64.ActiveCfg = Debug|Any CPU
		{74396D95-42B0-4BF2-A5C1-5CE7B1009D9A}.Debug|x64.Build.0 = Debug|Any CPU
		{74396D95-42B0-4BF2-A5C1-5CE7B1009D9A}.Debug|x86.ActiveCfg = Debug|Any CPU
		{74396D95-42B0-4BF2-A5C1-5CE7B1009D9A}.Debug|x86.Build.0 = Debug|Any CPU
		{74396D95-42B0-4BF2-A5C1-5CE7B1009D9A}.Release|Any CPU.ActiveCfg = Release|Any CPU
		{74396D95-42B0-4BF2-A5C1-5CE7B1009D9A}.Release|Any CPU.Build.0 = Release|Any CPU
		{74396D95-42B0-4BF2-A5C1-5CE7B1009D9A}.Release|x64.ActiveCfg = Release|Any CPU
		{74396D95-42B0-4BF2-A5C1-5CE7B1009D9A}.Release|x64.Build.0 = Release|Any CPU
		{74396D95-42B0-4BF2-A5C1-5CE7B1009D9A}.Release|x86.ActiveCfg = Release|Any CPU
		{74396D95-42B0-4BF2-A5C1-5CE7B1009D9A}.Release|x86.Build.0 = Release|Any CPU
		{DE5335AF-DAB3-42ED-B634-42067A17E20A}.Debug|Any CPU.ActiveCfg = Debug|Any CPU
		{DE5335AF-DAB3-42ED-B634-42067A17E20A}.Debug|Any CPU.Build.0 = Debug|Any CPU
		{DE5335AF-DAB3-42ED-B634-42067A17E20A}.Debug|x64.ActiveCfg = Debug|Any CPU
		{DE5335AF-DAB3-42ED-B634-42067A17E20A}.Debug|x64.Build.0 = Debug|Any CPU
		{DE5335AF-DAB3-42ED-B634-42067A17E20A}.Debug|x86.ActiveCfg = Debug|Any CPU
		{DE5335AF-DAB3-42ED-B634-42067A17E20A}.Debug|x86.Build.0 = Debug|Any CPU
		{DE5335AF-DAB3-42ED-B634-42067A17E20A}.Release|Any CPU.ActiveCfg = Release|Any CPU
		{DE5335AF-DAB3-42ED-B634-42067A17E20A}.Release|Any CPU.Build.0 = Release|Any CPU
		{DE5335AF-DAB3-42ED-B634-42067A17E20A}.Release|x64.ActiveCfg = Release|Any CPU
		{DE5335AF-DAB3-42ED-B634-42067A17E20A}.Release|x64.Build.0 = Release|Any CPU
		{DE5335AF-DAB3-42ED-B634-42067A17E20A}.Release|x86.ActiveCfg = Release|Any CPU
		{DE5335AF-DAB3-42ED-B634-42067A17E20A}.Release|x86.Build.0 = Release|Any CPU
		{C855B172-BD2D-4D58-97C8-3AFC1604C858}.Debug|Any CPU.ActiveCfg = Debug|Any CPU
		{C855B172-BD2D-4D58-97C8-3AFC1604C858}.Debug|Any CPU.Build.0 = Debug|Any CPU
		{C855B172-BD2D-4D58-97C8-3AFC1604C858}.Debug|x64.ActiveCfg = Debug|Any CPU
		{C855B172-BD2D-4D58-97C8-3AFC1604C858}.Debug|x64.Build.0 = Debug|Any CPU
		{C855B172-BD2D-4D58-97C8-3AFC1604C858}.Debug|x86.ActiveCfg = Debug|Any CPU
		{C855B172-BD2D-4D58-97C8-3AFC1604C858}.Debug|x86.Build.0 = Debug|Any CPU
		{C855B172-BD2D-4D58-97C8-3AFC1604C858}.Release|Any CPU.ActiveCfg = Release|Any CPU
		{C855B172-BD2D-4D58-97C8-3AFC1604C858}.Release|Any CPU.Build.0 = Release|Any CPU
		{C855B172-BD2D-4D58-97C8-3AFC1604C858}.Release|x64.ActiveCfg = Release|Any CPU
		{C855B172-BD2D-4D58-97C8-3AFC1604C858}.Release|x64.Build.0 = Release|Any CPU
		{C855B172-BD2D-4D58-97C8-3AFC1604C858}.Release|x86.ActiveCfg = Release|Any CPU
		{C855B172-BD2D-4D58-97C8-3AFC1604C858}.Release|x86.Build.0 = Release|Any CPU
		{05FB6F22-CE80-4124-AA31-3BDD45FBBA89}.Debug|Any CPU.ActiveCfg = Debug|Any CPU
		{05FB6F22-CE80-4124-AA31-3BDD45FBBA89}.Debug|Any CPU.Build.0 = Debug|Any CPU
		{05FB6F22-CE80-4124-AA31-3BDD45FBBA89}.Debug|x64.ActiveCfg = Debug|Any CPU
		{05FB6F22-CE80-4124-AA31-3BDD45FBBA89}.Debug|x64.Build.0 = Debug|Any CPU
		{05FB6F22-CE80-4124-AA31-3BDD45FBBA89}.Debug|x86.ActiveCfg = Debug|Any CPU
		{05FB6F22-CE80-4124-AA31-3BDD45FBBA89}.Debug|x86.Build.0 = Debug|Any CPU
		{05FB6F22-CE80-4124-AA31-3BDD45FBBA89}.Release|Any CPU.ActiveCfg = Release|Any CPU
		{05FB6F22-CE80-4124-AA31-3BDD45FBBA89}.Release|Any CPU.Build.0 = Release|Any CPU
		{05FB6F22-CE80-4124-AA31-3BDD45FBBA89}.Release|x64.ActiveCfg = Release|Any CPU
		{05FB6F22-CE80-4124-AA31-3BDD45FBBA89}.Release|x64.Build.0 = Release|Any CPU
		{05FB6F22-CE80-4124-AA31-3BDD45FBBA89}.Release|x86.ActiveCfg = Release|Any CPU
		{05FB6F22-CE80-4124-AA31-3BDD45FBBA89}.Release|x86.Build.0 = Release|Any CPU
		{435E09E2-27BE-4D97-B93C-1191CB8A287A}.Debug|Any CPU.ActiveCfg = Debug|Any CPU
		{435E09E2-27BE-4D97-B93C-1191CB8A287A}.Debug|Any CPU.Build.0 = Debug|Any CPU
		{435E09E2-27BE-4D97-B93C-1191CB8A287A}.Debug|x64.ActiveCfg = Debug|Any CPU
		{435E09E2-27BE-4D97-B93C-1191CB8A287A}.Debug|x64.Build.0 = Debug|Any CPU
		{435E09E2-27BE-4D97-B93C-1191CB8A287A}.Debug|x86.ActiveCfg = Debug|Any CPU
		{435E09E2-27BE-4D97-B93C-1191CB8A287A}.Debug|x86.Build.0 = Debug|Any CPU
		{435E09E2-27BE-4D97-B93C-1191CB8A287A}.Release|Any CPU.ActiveCfg = Release|Any CPU
		{435E09E2-27BE-4D97-B93C-1191CB8A287A}.Release|Any CPU.Build.0 = Release|Any CPU
		{435E09E2-27BE-4D97-B93C-1191CB8A287A}.Release|x64.ActiveCfg = Release|Any CPU
		{435E09E2-27BE-4D97-B93C-1191CB8A287A}.Release|x64.Build.0 = Release|Any CPU
		{435E09E2-27BE-4D97-B93C-1191CB8A287A}.Release|x86.ActiveCfg = Release|Any CPU
		{435E09E2-27BE-4D97-B93C-1191CB8A287A}.Release|x86.Build.0 = Release|Any CPU
		{1BA38D1A-C7AB-4DA4-9645-D6C2327ACDBC}.Debug|Any CPU.ActiveCfg = Debug|Any CPU
		{1BA38D1A-C7AB-4DA4-9645-D6C2327ACDBC}.Debug|Any CPU.Build.0 = Debug|Any CPU
		{1BA38D1A-C7AB-4DA4-9645-D6C2327ACDBC}.Debug|x64.ActiveCfg = Debug|Any CPU
		{1BA38D1A-C7AB-4DA4-9645-D6C2327ACDBC}.Debug|x64.Build.0 = Debug|Any CPU
		{1BA38D1A-C7AB-4DA4-9645-D6C2327ACDBC}.Debug|x86.ActiveCfg = Debug|Any CPU
		{1BA38D1A-C7AB-4DA4-9645-D6C2327ACDBC}.Debug|x86.Build.0 = Debug|Any CPU
		{1BA38D1A-C7AB-4DA4-9645-D6C2327ACDBC}.Release|Any CPU.ActiveCfg = Release|Any CPU
		{1BA38D1A-C7AB-4DA4-9645-D6C2327ACDBC}.Release|Any CPU.Build.0 = Release|Any CPU
		{1BA38D1A-C7AB-4DA4-9645-D6C2327ACDBC}.Release|x64.ActiveCfg = Release|Any CPU
		{1BA38D1A-C7AB-4DA4-9645-D6C2327ACDBC}.Release|x64.Build.0 = Release|Any CPU
		{1BA38D1A-C7AB-4DA4-9645-D6C2327ACDBC}.Release|x86.ActiveCfg = Release|Any CPU
		{1BA38D1A-C7AB-4DA4-9645-D6C2327ACDBC}.Release|x86.Build.0 = Release|Any CPU
		{9707892F-3F4B-47B6-A942-E481F05EB0BD}.Debug|Any CPU.ActiveCfg = Debug|Any CPU
		{9707892F-3F4B-47B6-A942-E481F05EB0BD}.Debug|Any CPU.Build.0 = Debug|Any CPU
		{9707892F-3F4B-47B6-A942-E481F05EB0BD}.Debug|x64.ActiveCfg = Debug|Any CPU
		{9707892F-3F4B-47B6-A942-E481F05EB0BD}.Debug|x64.Build.0 = Debug|Any CPU
		{9707892F-3F4B-47B6-A942-E481F05EB0BD}.Debug|x86.ActiveCfg = Debug|Any CPU
		{9707892F-3F4B-47B6-A942-E481F05EB0BD}.Debug|x86.Build.0 = Debug|Any CPU
		{9707892F-3F4B-47B6-A942-E481F05EB0BD}.Release|Any CPU.ActiveCfg = Release|Any CPU
		{9707892F-3F4B-47B6-A942-E481F05EB0BD}.Release|Any CPU.Build.0 = Release|Any CPU
		{9707892F-3F4B-47B6-A942-E481F05EB0BD}.Release|x64.ActiveCfg = Release|Any CPU
		{9707892F-3F4B-47B6-A942-E481F05EB0BD}.Release|x64.Build.0 = Release|Any CPU
		{9707892F-3F4B-47B6-A942-E481F05EB0BD}.Release|x86.ActiveCfg = Release|Any CPU
		{9707892F-3F4B-47B6-A942-E481F05EB0BD}.Release|x86.Build.0 = Release|Any CPU
		{AC46D434-471E-4B67-87A8-F04F0FE2F322}.Debug|Any CPU.ActiveCfg = Debug|Any CPU
		{AC46D434-471E-4B67-87A8-F04F0FE2F322}.Debug|Any CPU.Build.0 = Debug|Any CPU
		{AC46D434-471E-4B67-87A8-F04F0FE2F322}.Debug|x64.ActiveCfg = Debug|Any CPU
		{AC46D434-471E-4B67-87A8-F04F0FE2F322}.Debug|x64.Build.0 = Debug|Any CPU
		{AC46D434-471E-4B67-87A8-F04F0FE2F322}.Debug|x86.ActiveCfg = Debug|Any CPU
		{AC46D434-471E-4B67-87A8-F04F0FE2F322}.Debug|x86.Build.0 = Debug|Any CPU
		{AC46D434-471E-4B67-87A8-F04F0FE2F322}.Release|Any CPU.ActiveCfg = Release|Any CPU
		{AC46D434-471E-4B67-87A8-F04F0FE2F322}.Release|Any CPU.Build.0 = Release|Any CPU
		{AC46D434-471E-4B67-87A8-F04F0FE2F322}.Release|x64.ActiveCfg = Release|Any CPU
		{AC46D434-471E-4B67-87A8-F04F0FE2F322}.Release|x64.Build.0 = Release|Any CPU
		{AC46D434-471E-4B67-87A8-F04F0FE2F322}.Release|x86.ActiveCfg = Release|Any CPU
		{AC46D434-471E-4B67-87A8-F04F0FE2F322}.Release|x86.Build.0 = Release|Any CPU
		{B57C9789-C59A-4E3D-BE65-3E59515E78FB}.Debug|Any CPU.ActiveCfg = Debug|Any CPU
		{B57C9789-C59A-4E3D-BE65-3E59515E78FB}.Debug|Any CPU.Build.0 = Debug|Any CPU
		{B57C9789-C59A-4E3D-BE65-3E59515E78FB}.Debug|x64.ActiveCfg = Debug|Any CPU
		{B57C9789-C59A-4E3D-BE65-3E59515E78FB}.Debug|x64.Build.0 = Debug|Any CPU
		{B57C9789-C59A-4E3D-BE65-3E59515E78FB}.Debug|x86.ActiveCfg = Debug|Any CPU
		{B57C9789-C59A-4E3D-BE65-3E59515E78FB}.Debug|x86.Build.0 = Debug|Any CPU
		{B57C9789-C59A-4E3D-BE65-3E59515E78FB}.Release|Any CPU.ActiveCfg = Release|Any CPU
		{B57C9789-C59A-4E3D-BE65-3E59515E78FB}.Release|Any CPU.Build.0 = Release|Any CPU
		{B57C9789-C59A-4E3D-BE65-3E59515E78FB}.Release|x64.ActiveCfg = Release|Any CPU
		{B57C9789-C59A-4E3D-BE65-3E59515E78FB}.Release|x64.Build.0 = Release|Any CPU
		{B57C9789-C59A-4E3D-BE65-3E59515E78FB}.Release|x86.ActiveCfg = Release|Any CPU
		{B57C9789-C59A-4E3D-BE65-3E59515E78FB}.Release|x86.Build.0 = Release|Any CPU
		{23162CFB-B0FC-4E81-9078-EF78C00B078D}.Debug|Any CPU.ActiveCfg = Debug|Any CPU
		{23162CFB-B0FC-4E81-9078-EF78C00B078D}.Debug|Any CPU.Build.0 = Debug|Any CPU
		{23162CFB-B0FC-4E81-9078-EF78C00B078D}.Debug|x64.ActiveCfg = Debug|Any CPU
		{23162CFB-B0FC-4E81-9078-EF78C00B078D}.Debug|x64.Build.0 = Debug|Any CPU
		{23162CFB-B0FC-4E81-9078-EF78C00B078D}.Debug|x86.ActiveCfg = Debug|Any CPU
		{23162CFB-B0FC-4E81-9078-EF78C00B078D}.Debug|x86.Build.0 = Debug|Any CPU
		{23162CFB-B0FC-4E81-9078-EF78C00B078D}.Release|Any CPU.ActiveCfg = Release|Any CPU
		{23162CFB-B0FC-4E81-9078-EF78C00B078D}.Release|Any CPU.Build.0 = Release|Any CPU
		{23162CFB-B0FC-4E81-9078-EF78C00B078D}.Release|x64.ActiveCfg = Release|Any CPU
		{23162CFB-B0FC-4E81-9078-EF78C00B078D}.Release|x64.Build.0 = Release|Any CPU
		{23162CFB-B0FC-4E81-9078-EF78C00B078D}.Release|x86.ActiveCfg = Release|Any CPU
		{23162CFB-B0FC-4E81-9078-EF78C00B078D}.Release|x86.Build.0 = Release|Any CPU
	EndGlobalSection
	GlobalSection(SolutionProperties) = preSolution
		HideSolutionNode = FALSE
	EndGlobalSection
	GlobalSection(NestedProjects) = preSolution
		{4AA95CAA-25D8-46CD-ADE3-7ABC27251863} = {827E0CD3-B72D-47B6-A68D-7590B98EB39B}
		{74396D95-42B0-4BF2-A5C1-5CE7B1009D9A} = {827E0CD3-B72D-47B6-A68D-7590B98EB39B}
		{DE5335AF-DAB3-42ED-B634-42067A17E20A} = {827E0CD3-B72D-47B6-A68D-7590B98EB39B}
		{C855B172-BD2D-4D58-97C8-3AFC1604C858} = {827E0CD3-B72D-47B6-A68D-7590B98EB39B}
		{05FB6F22-CE80-4124-AA31-3BDD45FBBA89} = {0AB3BF05-4346-4AA6-1389-037BE0695223}
		{435E09E2-27BE-4D97-B93C-1191CB8A287A} = {0AB3BF05-4346-4AA6-1389-037BE0695223}
		{1BA38D1A-C7AB-4DA4-9645-D6C2327ACDBC} = {0AB3BF05-4346-4AA6-1389-037BE0695223}
		{9707892F-3F4B-47B6-A942-E481F05EB0BD} = {0AB3BF05-4346-4AA6-1389-037BE0695223}
		{AC46D434-471E-4B67-87A8-F04F0FE2F322} = {827E0CD3-B72D-47B6-A68D-7590B98EB39B}
		{B57C9789-C59A-4E3D-BE65-3E59515E78FB} = {0AB3BF05-4346-4AA6-1389-037BE0695223}
		{23162CFB-B0FC-4E81-9078-EF78C00B078D} = {07C2787E-EAC7-C090-1BA3-A61EC2A24D84}
	EndGlobalSection
EndGlobal
